
Microsoft Visual Studio Solution File, Format Version 12.00
# Visual Studio Version 17
VisualStudioVersion = 17.14.36221.1
MinimumVisualStudioVersion = 10.0.40219.1
Project("{FAE04EC0-301F-11D3-BF4B-00C04F79EFBC}") = "SchedulerDemo", "SchedulerDemo\SchedulerDemo.csproj", "{B862EE5C-2DCB-4956-8DA0-46E996BF8887}"
EndProject
Global
	GlobalSection(SolutionConfigurationPlatforms) = preSolution
		Debug|Any CPU = Debug|Any CPU
		Release|Any CPU = Release|Any CPU
	EndGlobalSection
	GlobalSection(ProjectConfigurationPlatforms) = postSolution
		{B862EE5C-2DCB-4956-8DA0-46E996BF8887}.Debug|Any CPU.ActiveCfg = Debug|Any CPU
		{B862EE5C-2DCB-4956-8DA0-46E996BF8887}.Debug|Any CPU.Build.0 = Debug|Any CPU
		{B862EE5C-2DCB-4956-8DA0-46E996BF8887}.Release|Any CPU.ActiveCfg = Release|Any CPU
		{B862EE5C-2DCB-4956-8DA0-46E996BF8887}.Release|Any CPU.Build.0 = Release|Any CPU
	EndGlobalSection
	GlobalSection(SolutionProperties) = preSolution
		HideSolutionNode = FALSE
	EndGlobalSection
	GlobalSection(ExtensibilityGlobals) = postSolution
		SolutionGuid = {E510A7C0-D986-4448-98AA-8F5D1BF0B32B}
	EndGlobalSection
EndGlobal
